{
    "name": "nasal-lang",
    "version": "0.0.8",
    "lockfileVersion": 3,
    "requires": true,
    "packages": {
        "": {
            "name": "nasal-lang",
            "version": "0.0.8",
            "license": "GPL",
            "engines": {
                "vscode": "^1.0.0"
            }
        }
    }
}
